
Microsoft Visual Studio Solution File, Format Version 12.00
# Visual Studio Version 17
VisualStudioVersion = 17.4.33213.308
MinimumVisualStudioVersion = 10.0.40219.1
Project("{FAE04EC0-301F-11D3-BF4B-00C04F79EFBC}") = "wisielec", "wisielec\wisielec.csproj", "{91468D54-C1A2-4333-AFEA-F8EA6545BEE7}"
EndProject
Global
	GlobalSection(SolutionConfigurationPlatforms) = preSolution
		Debug|Any CPU = Debug|Any CPU
		Release|Any CPU = Release|Any CPU
	EndGlobalSection
	GlobalSection(ProjectConfigurationPlatforms) = postSolution
		{91468D54-C1A2-4333-AFEA-F8EA6545BEE7}.Debug|Any CPU.ActiveCfg = Debug|Any CPU
		{91468D54-C1A2-4333-AFEA-F8EA6545BEE7}.Debug|Any CPU.Build.0 = Debug|Any CPU
		{91468D54-C1A2-4333-AFEA-F8EA6545BEE7}.Release|Any CPU.ActiveCfg = Release|Any CPU
		{91468D54-C1A2-4333-AFEA-F8EA6545BEE7}.Release|Any CPU.Build.0 = Release|Any CPU
	EndGlobalSection
	GlobalSection(SolutionProperties) = preSolution
		HideSolutionNode = FALSE
	EndGlobalSection
	GlobalSection(ExtensibilityGlobals) = postSolution
		SolutionGuid = {3F25A2E6-699B-40BE-AC74-C0908406C7D9}
	EndGlobalSection
EndGlobal
